
Microsoft Visual Studio Solution File, Format Version 12.00
# Visual Studio Version 16
VisualStudioVersion = 16.0.30503.244
MinimumVisualStudioVersion = 10.0.40219.1
Project("{FAE04EC0-301F-11D3-BF4B-00C04F79EFBC}") = "OrderInClient", "OrderInClient\OrderInClient.csproj", "{6018EE6A-47DD-4E67-B957-78799285B869}"
EndProject
Global
	GlobalSection(SolutionConfigurationPlatforms) = preSolution
		Debug|Any CPU = Debug|Any CPU
		Release|Any CPU = Release|Any CPU
	EndGlobalSection
	GlobalSection(ProjectConfigurationPlatforms) = postSolution
		{6018EE6A-47DD-4E67-B957-78799285B869}.Debug|Any CPU.ActiveCfg = Debug|Any CPU
		{6018EE6A-47DD-4E67-B957-78799285B869}.Debug|Any CPU.Build.0 = Debug|Any CPU
		{6018EE6A-47DD-4E67-B957-78799285B869}.Release|Any CPU.ActiveCfg = Release|Any CPU
		{6018EE6A-47DD-4E67-B957-78799285B869}.Release|Any CPU.Build.0 = Release|Any CPU
	EndGlobalSection
	GlobalSection(SolutionProperties) = preSolution
		HideSolutionNode = FALSE
	EndGlobalSection
	GlobalSection(ExtensibilityGlobals) = postSolution
		SolutionGuid = {1770523A-72F5-4435-98B5-87C65D0BCC84}
	EndGlobalSection
EndGlobal
